
Microsoft Visual Studio Solution File, Format Version 12.00
# Visual Studio 15
VisualStudioVersion = 15.0.28307.168
MinimumVisualStudioVersion = 10.0.40219.1
Project("{FAE04EC0-301F-11D3-BF4B-00C04F79EFBC}") = "Shetchiki", "Shetchiki\Shetchiki.csproj", "{AC466C7A-ECD0-4DB0-BE68-164DB4ACF15D}"
EndProject
Global
	GlobalSection(SolutionConfigurationPlatforms) = preSolution
		Debug|Any CPU = Debug|Any CPU
		Release|Any CPU = Release|Any CPU
	EndGlobalSection
	GlobalSection(ProjectConfigurationPlatforms) = postSolution
		{AC466C7A-ECD0-4DB0-BE68-164DB4ACF15D}.Debug|Any CPU.ActiveCfg = Debug|Any CPU
		{AC466C7A-ECD0-4DB0-BE68-164DB4ACF15D}.Debug|Any CPU.Build.0 = Debug|Any CPU
		{AC466C7A-ECD0-4DB0-BE68-164DB4ACF15D}.Release|Any CPU.ActiveCfg = Release|Any CPU
		{AC466C7A-ECD0-4DB0-BE68-164DB4ACF15D}.Release|Any CPU.Build.0 = Release|Any CPU
	EndGlobalSection
	GlobalSection(SolutionProperties) = preSolution
		HideSolutionNode = FALSE
	EndGlobalSection
	GlobalSection(ExtensibilityGlobals) = postSolution
		SolutionGuid = {96A9BB5E-AECD-4C35-9888-58F538E52EEB}
	EndGlobalSection
EndGlobal
